
Microsoft Visual Studio Solution File, Format Version 12.00
# Visual Studio 15
VisualStudioVersion = 15.0.27130.2027
MinimumVisualStudioVersion = 10.0.40219.1
Project("{F184B08F-C81C-45F6-A57F-5ABD9991F28F}") = "Application", "Application\Application.vbproj", "{4E15C995-93BA-4B47-90B2-68FF3A8D5C52}"
EndProject
Project("{F184B08F-C81C-45F6-A57F-5ABD9991F28F}") = "Domain", "Domain\Domain.vbproj", "{ACC284CE-470B-4530-B481-A954B585D603}"
EndProject
Project("{F184B08F-C81C-45F6-A57F-5ABD9991F28F}") = "Infrastructure", "Infrastructure\Infrastructure.vbproj", "{DC4929B8-9675-4449-82CA-7BF21A36F8D7}"
EndProject
Project("{F184B08F-C81C-45F6-A57F-5ABD9991F28F}") = "ADOWrapper", "ADOWrapper\ADOWrapper.vbproj", "{2D71EB0C-CBD9-474D-8084-82A5DB06EEDC}"
EndProject
Project("{F184B08F-C81C-45F6-A57F-5ABD9991F28F}") = "TestADOWrapper", "TestADOWrapper\TestADOWrapper.vbproj", "{B34D0D44-C1A3-436A-AC96-97D76EA969AD}"
EndProject
Project("{54435603-DBB4-11D2-8724-00A0C9A8B90C}") = "Setup", "Setup\Setup.vdproj", "{02667DFF-AECD-46BC-83E4-78E2EA1D31BD}"
EndProject
Global
	GlobalSection(SolutionConfigurationPlatforms) = preSolution
		Debug|Any CPU = Debug|Any CPU
		Release|Any CPU = Release|Any CPU
	EndGlobalSection
	GlobalSection(ProjectConfigurationPlatforms) = postSolution
		{4E15C995-93BA-4B47-90B2-68FF3A8D5C52}.Debug|Any CPU.ActiveCfg = Debug|Any CPU
		{4E15C995-93BA-4B47-90B2-68FF3A8D5C52}.Debug|Any CPU.Build.0 = Debug|Any CPU
		{4E15C995-93BA-4B47-90B2-68FF3A8D5C52}.Release|Any CPU.ActiveCfg = Release|Any CPU
		{4E15C995-93BA-4B47-90B2-68FF3A8D5C52}.Release|Any CPU.Build.0 = Release|Any CPU
		{ACC284CE-470B-4530-B481-A954B585D603}.Debug|Any CPU.ActiveCfg = Debug|Any CPU
		{ACC284CE-470B-4530-B481-A954B585D603}.Debug|Any CPU.Build.0 = Debug|Any CPU
		{ACC284CE-470B-4530-B481-A954B585D603}.Release|Any CPU.ActiveCfg = Release|Any CPU
		{ACC284CE-470B-4530-B481-A954B585D603}.Release|Any CPU.Build.0 = Release|Any CPU
		{DC4929B8-9675-4449-82CA-7BF21A36F8D7}.Debug|Any CPU.ActiveCfg = Debug|Any CPU
		{DC4929B8-9675-4449-82CA-7BF21A36F8D7}.Debug|Any CPU.Build.0 = Debug|Any CPU
		{DC4929B8-9675-4449-82CA-7BF21A36F8D7}.Release|Any CPU.ActiveCfg = Release|Any CPU
		{DC4929B8-9675-4449-82CA-7BF21A36F8D7}.Release|Any CPU.Build.0 = Release|Any CPU
		{2D71EB0C-CBD9-474D-8084-82A5DB06EEDC}.Debug|Any CPU.ActiveCfg = Debug|Any CPU
		{2D71EB0C-CBD9-474D-8084-82A5DB06EEDC}.Debug|Any CPU.Build.0 = Debug|Any CPU
		{2D71EB0C-CBD9-474D-8084-82A5DB06EEDC}.Release|Any CPU.ActiveCfg = Release|Any CPU
		{2D71EB0C-CBD9-474D-8084-82A5DB06EEDC}.Release|Any CPU.Build.0 = Release|Any CPU
		{B34D0D44-C1A3-436A-AC96-97D76EA969AD}.Debug|Any CPU.ActiveCfg = Debug|Any CPU
		{B34D0D44-C1A3-436A-AC96-97D76EA969AD}.Debug|Any CPU.Build.0 = Debug|Any CPU
		{B34D0D44-C1A3-436A-AC96-97D76EA969AD}.Release|Any CPU.ActiveCfg = Release|Any CPU
		{B34D0D44-C1A3-436A-AC96-97D76EA969AD}.Release|Any CPU.Build.0 = Release|Any CPU
		{02667DFF-AECD-46BC-83E4-78E2EA1D31BD}.Debug|Any CPU.ActiveCfg = Debug
		{02667DFF-AECD-46BC-83E4-78E2EA1D31BD}.Release|Any CPU.ActiveCfg = Release
		{02667DFF-AECD-46BC-83E4-78E2EA1D31BD}.Release|Any CPU.Build.0 = Release
	EndGlobalSection
	GlobalSection(SolutionProperties) = preSolution
		HideSolutionNode = FALSE
	EndGlobalSection
	GlobalSection(ExtensibilityGlobals) = postSolution
		SolutionGuid = {A099C0F1-1660-4B6B-8A95-D6D148544341}
	EndGlobalSection
EndGlobal
